
Microsoft Visual Studio Solution File, Format Version 12.00
# Visual Studio 15
VisualStudioVersion = 15.0.26430.16
MinimumVisualStudioVersion = 10.0.40219.1
Project("{9A19103F-16F7-4668-BE54-9A1E7A4F7556}") = "NumericSequenceApp", "NumericSequenceApp\NumericSequenceApp.csproj", "{8CFBA379-F253-4FF5-9BC4-A9667DFAE7B5}"
EndProject
Project("{FAE04EC0-301F-11D3-BF4B-00C04F79EFBC}") = "NumericSequenceAppUnitTest", "NumericSequenceAppUnitTest\NumericSequenceAppUnitTest.csproj", "{4D20E4CD-2CD8-4DDE-9888-43BEEE3B1603}"
EndProject
Global
	GlobalSection(SolutionConfigurationPlatforms) = preSolution
		Debug|Any CPU = Debug|Any CPU
		Release|Any CPU = Release|Any CPU
	EndGlobalSection
	GlobalSection(ProjectConfigurationPlatforms) = postSolution
		{8CFBA379-F253-4FF5-9BC4-A9667DFAE7B5}.Debug|Any CPU.ActiveCfg = Debug|Any CPU
		{8CFBA379-F253-4FF5-9BC4-A9667DFAE7B5}.Debug|Any CPU.Build.0 = Debug|Any CPU
		{8CFBA379-F253-4FF5-9BC4-A9667DFAE7B5}.Release|Any CPU.ActiveCfg = Release|Any CPU
		{8CFBA379-F253-4FF5-9BC4-A9667DFAE7B5}.Release|Any CPU.Build.0 = Release|Any CPU
		{4D20E4CD-2CD8-4DDE-9888-43BEEE3B1603}.Debug|Any CPU.ActiveCfg = Debug|Any CPU
		{4D20E4CD-2CD8-4DDE-9888-43BEEE3B1603}.Debug|Any CPU.Build.0 = Debug|Any CPU
		{4D20E4CD-2CD8-4DDE-9888-43BEEE3B1603}.Release|Any CPU.ActiveCfg = Release|Any CPU
		{4D20E4CD-2CD8-4DDE-9888-43BEEE3B1603}.Release|Any CPU.Build.0 = Release|Any CPU
	EndGlobalSection
	GlobalSection(SolutionProperties) = preSolution
		HideSolutionNode = FALSE
	EndGlobalSection
EndGlobal
